{
  "name": "@fuse-open/fuselibs",
  "version": "2.0.0-beta.0",
  "lockfileVersion": 1,
  "requires": true,
  "dependencies": {
    "@fuse-open/opentk": {
      "version": "3.2.0",
      "resolved": "https://registry.npmjs.org/@fuse-open/opentk/-/opentk-3.2.0.tgz",
      "integrity": "sha512-LFXms2H9+3k12Ijcaz4aQ+9PzHn6KiN1ee/0T7iwkraTGy9f8g/SUCmLa7Co/Bzrr0Ykj2u7eYoT7QXYtutOEA==",
      "dev": true
    },
    "@fuse-open/transpiler": {
      "version": "1.15.0",
      "resolved": "https://registry.npmjs.org/@fuse-open/transpiler/-/transpiler-1.15.0.tgz",
      "integrity": "sha512-lN9xqj4M7XRKIlDUDlWDptlisd0dLNoKt3KogKYvThNlsJCEiv+wSR9zRQRuMNivN0THaO9n9Hlf/ayFft0ETw==",
      "dev": true
    },
    "@fuse-open/uno": {
      "version": "2.0.0-beta.3",
      "resolved": "https://registry.npmjs.org/@fuse-open/uno/-/uno-2.0.0-beta.3.tgz",
      "integrity": "sha512-N+g655BPGBHr5F8FfAAqEbPlne/DLIu+XGU98g+khsrUVwzSM+N47vC3EVa3hZS+ZxvYmcuC74TsT+YGtrgAYw==",
      "dev": true,
      "requires": {
        "@fuse-open/opentk": "^3.2.0",
        "@fuse-open/transpiler": "^1.15.0",
        "@fuse-open/xamarin-mac": "^5.14.1",
        "dotnet-run": "^1.3.1"
      }
    },
    "@fuse-open/xamarin-mac": {
      "version": "5.14.1",
      "resolved": "https://registry.npmjs.org/@fuse-open/xamarin-mac/-/xamarin-mac-5.14.1.tgz",
      "integrity": "sha512-pRj8WQW7iN2dcHtA9V/JiBEkpPhcPFi6BzSB821oit6Am94pveXFQiWWyy2Kqy8lwvSCD3Fe4fSfgfiCE+W+MA==",
      "dev": true
    },
    "dotnet-run": {
      "version": "1.3.1",
      "resolved": "https://registry.npmjs.org/dotnet-run/-/dotnet-run-1.3.1.tgz",
      "integrity": "sha512-YckXh9Yyq5qNPkbHYIXYk3re9oAS+8N1qHAnp1TmSjLSB3j0tT8vDra/m29ACdnfbYuLgRjGUYdl2MFp6Qvfvg==",
      "dev": true
    }
  }
}
