{
  "name": "@fuse-open/fuselibs",
  "version": "1.12.0",
  "lockfileVersion": 1,
  "requires": true,
  "dependencies": {
    "@fuse-open/uno": {
      "version": "1.12.2",
      "resolved": "https://registry.npmjs.org/@fuse-open/uno/-/uno-1.12.2.tgz",
      "integrity": "sha512-N3rpyBloCqSypGsHXA/2Z+0ZJp07wg+FUui0QlLA9GAB5p6OsxOsgsgtDdw4cJXNSXjvSpQZgwgqsYnpG/IHmg==",
      "dev": true
    }
  }
}
